
Microsoft Visual Studio Solution File, Format Version 12.00
# Visual Studio Version 17
VisualStudioVersion = 17.8.34322.80
MinimumVisualStudioVersion = 10.0.40219.1
Project("{FAE04EC0-301F-11D3-BF4B-00C04F79EFBC}") = "StoryParser", "StoryParser.csproj", "{03DF030B-30DF-4C59-B50F-C093B9D1B291}"
EndProject
Global
	GlobalSection(SolutionConfigurationPlatforms) = preSolution
		Debug|Any CPU = Debug|Any CPU
		Release|Any CPU = Release|Any CPU
	EndGlobalSection
	GlobalSection(ProjectConfigurationPlatforms) = postSolution
		{03DF030B-30DF-4C59-B50F-C093B9D1B291}.Debug|Any CPU.ActiveCfg = Debug|Any CPU
		{03DF030B-30DF-4C59-B50F-C093B9D1B291}.Debug|Any CPU.Build.0 = Debug|Any CPU
		{03DF030B-30DF-4C59-B50F-C093B9D1B291}.Release|Any CPU.ActiveCfg = Release|Any CPU
		{03DF030B-30DF-4C59-B50F-C093B9D1B291}.Release|Any CPU.Build.0 = Release|Any CPU
	EndGlobalSection
	GlobalSection(SolutionProperties) = preSolution
		HideSolutionNode = FALSE
	EndGlobalSection
	GlobalSection(ExtensibilityGlobals) = postSolution
		SolutionGuid = {AB935176-5E35-4A8D-BD05-10C9D4900846}
	EndGlobalSection
EndGlobal
